// !$*UTF8*$!
{
	archiveVersion = 1;
	classes = {
	};
	objectVersion = 60;
	objects = {

/* Begin PBXBuildFile section */
		7A1EBC862C2078F8004B04C4 /* HacksForNailsApp.swift in Sources */ = {isa = PBXBuildFile; fileRef = 7A1EBC852C2078F8004B04C4 /* HacksForNailsApp.swift */; };
		7A1EBC882C2078F8004B04C4 /* ContentView.swift in Sources */ = {isa = PBXBuildFile; fileRef = 7A1EBC872C2078F8004B04C4 /* ContentView.swift */; };
		7A1EBC8A2C2078F9004B04C4 /* Assets.xcassets in Resources */ = {isa = PBXBuildFile; fileRef = 7A1EBC892C2078F9004B04C4 /* Assets.xcassets */; };
		7A1EBC8D2C2078F9004B04C4 /* Preview Assets.xcassets in Resources */ = {isa = PBXBuildFile; fileRef = 7A1EBC8C2C2078F9004B04C4 /* Preview Assets.xcassets */; };
		7A1EBC972C207994004B04C4 /* FirebaseAuth in Frameworks */ = {isa = PBXBuildFile; productRef = 7A1EBC962C207994004B04C4 /* FirebaseAuth */; };
		7A1EBC992C207994004B04C4 /* FirebaseAuthCombine-Community in Frameworks */ = {isa = PBXBuildFile; productRef = 7A1EBC982C207994004B04C4 /* FirebaseAuthCombine-Community */; };
		7A21FDF32C21D75100D8990B /* Login.swift in Sources */ = {isa = PBXBuildFile; fileRef = 7A21FDF22C21D75100D8990B /* Login.swift */; };
		7A21FDF72C245CD500D8990B /* GoogleSignIn in Frameworks */ = {isa = PBXBuildFile; productRef = 7A21FDF62C245CD500D8990B /* GoogleSignIn */; };
		7A21FDF92C245CD500D8990B /* GoogleSignInSwift in Frameworks */ = {isa = PBXBuildFile; productRef = 7A21FDF82C245CD500D8990B /* GoogleSignInSwift */; };
		7A21FDFE2C24606000D8990B /* View+Extension.swift in Sources */ = {isa = PBXBuildFile; fileRef = 7A21FDFD2C24605300D8990B /* View+Extension.swift */; };
		7A21FE052C24668900D8990B /* Fact_Extra-Bold.otf in Resources */ = {isa = PBXBuildFile; fileRef = 7A21FE042C24668900D8990B /* Fact_Extra-Bold.otf */; };
		7A21FE072C246B3600D8990B /* CustomTextField.swift in Sources */ = {isa = PBXBuildFile; fileRef = 7A21FE062C246B3600D8990B /* CustomTextField.swift */; };
		7A21FE092C246D2E00D8990B /* LoginViewModel.swift in Sources */ = {isa = PBXBuildFile; fileRef = 7A21FE082C246D2E00D8990B /* LoginViewModel.swift */; };
		7A21FE0B2C247D3300D8990B /* UIApplication+Extension.swift in Sources */ = {isa = PBXBuildFile; fileRef = 7A21FE0A2C247D2200D8990B /* UIApplication+Extension.swift */; };
		7A44FD082C393044007CF827 /* PhoneRequestView.swift in Sources */ = {isa = PBXBuildFile; fileRef = 7A44FD072C393044007CF827 /* PhoneRequestView.swift */; };
		7A44FD0A2C3936BC007CF827 /* DataRequestView.swift in Sources */ = {isa = PBXBuildFile; fileRef = 7A44FD092C3936BC007CF827 /* DataRequestView.swift */; };
		7A44FD0D2C393CC3007CF827 /* User.swift in Sources */ = {isa = PBXBuildFile; fileRef = 7A44FD0C2C393CBD007CF827 /* User.swift */; };
		7A58C2CF2C3D4EBA00EA135E /* EditProfileView.swift in Sources */ = {isa = PBXBuildFile; fileRef = 7A58C2CE2C3D4EBA00EA135E /* EditProfileView.swift */; };
		7A6679CD2C8F3C1C00735467 /* StylistView.swift in Sources */ = {isa = PBXBuildFile; fileRef = 7A6679CC2C8F3C1C00735467 /* StylistView.swift */; };
		7A68B3CB2C3582AB00A84CFE /* FirebaseFirestore in Frameworks */ = {isa = PBXBuildFile; productRef = 7A68B3CA2C3582AB00A84CFE /* FirebaseFirestore */; };
		7A71BD352C368FF90075FDFA /* AnimatedSideBar.swift in Sources */ = {isa = PBXBuildFile; fileRef = 7A71BD342C368FF90075FDFA /* AnimatedSideBar.swift */; };
		7A71BD372C37123C0075FDFA /* KeyboardResponder.swift in Sources */ = {isa = PBXBuildFile; fileRef = 7A71BD362C37123C0075FDFA /* KeyboardResponder.swift */; };
		7A71BD3D2C38321F0075FDFA /* ProfileView.swift in Sources */ = {isa = PBXBuildFile; fileRef = 7A71BD3C2C38321E0075FDFA /* ProfileView.swift */; };
		7A7A5AE92C2AC6E3009B61B6 /* Variables.swift in Sources */ = {isa = PBXBuildFile; fileRef = 7A7A5AE82C2AC6D6009B61B6 /* Variables.swift */; };
		7A7A5AEB2C2ACF08009B61B6 /* Home.swift in Sources */ = {isa = PBXBuildFile; fileRef = 7A7A5AEA2C2ACF08009B61B6 /* Home.swift */; };
		7A7A5AED2C2C1C3A009B61B6 /* ServiceCard.swift in Sources */ = {isa = PBXBuildFile; fileRef = 7A7A5AEC2C2C1C3A009B61B6 /* ServiceCard.swift */; };
		7A7A5AF02C2C479A009B61B6 /* CustomSegmented.swift in Sources */ = {isa = PBXBuildFile; fileRef = 7A7A5AEF2C2C478D009B61B6 /* CustomSegmented.swift */; };
		7A7FFFBC2C9037D200A47013 /* AppointmentView.swift in Sources */ = {isa = PBXBuildFile; fileRef = 7A7FFFBB2C9037D200A47013 /* AppointmentView.swift */; };
		7AE9D3C92C89DF700066A958 /* AdminPanelView.swift in Sources */ = {isa = PBXBuildFile; fileRef = 7AE9D3C82C89DF700066A958 /* AdminPanelView.swift */; };
		7AE9D3CB2C89DFB00066A958 /* ExcelUploaderView.swift in Sources */ = {isa = PBXBuildFile; fileRef = 7AE9D3CA2C89DFB00066A958 /* ExcelUploaderView.swift */; };
		7AE9D3CE2C89E0830066A958 /* CoreXLSX in Frameworks */ = {isa = PBXBuildFile; productRef = 7AE9D3CD2C89E0830066A958 /* CoreXLSX */; };
		7AE9D3D02C8AFC3C0066A958 /* DashboardView.swift in Sources */ = {isa = PBXBuildFile; fileRef = 7AE9D3CF2C8AFC3C0066A958 /* DashboardView.swift */; };
		7AF2C13D2C3C272800D6EB08 /* FirebaseStorage in Frameworks */ = {isa = PBXBuildFile; productRef = 7AF2C13C2C3C272800D6EB08 /* FirebaseStorage */; };
		7AF2C13F2C3C279100D6EB08 /* GoogleService-Info.plist in Resources */ = {isa = PBXBuildFile; fileRef = 7AF2C13E2C3C279100D6EB08 /* GoogleService-Info.plist */; };
/* End PBXBuildFile section */

/* Begin PBXFileReference section */
		7A1EBC822C2078F8004B04C4 /* HacksForNails.app */ = {isa = PBXFileReference; explicitFileType = wrapper.application; includeInIndex = 0; path = HacksForNails.app; sourceTree = BUILT_PRODUCTS_DIR; };
		7A1EBC852C2078F8004B04C4 /* HacksForNailsApp.swift */ = {isa = PBXFileReference; lastKnownFileType = sourcecode.swift; path = HacksForNailsApp.swift; sourceTree = "<group>"; };
		7A1EBC872C2078F8004B04C4 /* ContentView.swift */ = {isa = PBXFileReference; lastKnownFileType = sourcecode.swift; path = ContentView.swift; sourceTree = "<group>"; };
		7A1EBC892C2078F9004B04C4 /* Assets.xcassets */ = {isa = PBXFileReference; lastKnownFileType = folder.assetcatalog; path = Assets.xcassets; sourceTree = "<group>"; };
		7A1EBC8C2C2078F9004B04C4 /* Preview Assets.xcassets */ = {isa = PBXFileReference; lastKnownFileType = folder.assetcatalog; path = "Preview Assets.xcassets"; sourceTree = "<group>"; };
		7A1EBC9A2C207A96004B04C4 /* HacksForNails.entitlements */ = {isa = PBXFileReference; lastKnownFileType = text.plist.entitlements; path = HacksForNails.entitlements; sourceTree = "<group>"; };
		7A21FDF22C21D75100D8990B /* Login.swift */ = {isa = PBXFileReference; lastKnownFileType = sourcecode.swift; path = Login.swift; sourceTree = "<group>"; };
		7A21FDF42C21DCD000D8990B /* Info */ = {isa = PBXFileReference; lastKnownFileType = text.xml; path = Info; sourceTree = "<group>"; };
		7A21FDFD2C24605300D8990B /* View+Extension.swift */ = {isa = PBXFileReference; lastKnownFileType = sourcecode.swift; path = "View+Extension.swift"; sourceTree = "<group>"; };
		7A21FE042C24668900D8990B /* Fact_Extra-Bold.otf */ = {isa = PBXFileReference; lastKnownFileType = file; path = "Fact_Extra-Bold.otf"; sourceTree = "<group>"; };
		7A21FE062C246B3600D8990B /* CustomTextField.swift */ = {isa = PBXFileReference; lastKnownFileType = sourcecode.swift; path = CustomTextField.swift; sourceTree = "<group>"; };
		7A21FE082C246D2E00D8990B /* LoginViewModel.swift */ = {isa = PBXFileReference; lastKnownFileType = sourcecode.swift; path = LoginViewModel.swift; sourceTree = "<group>"; };
		7A21FE0A2C247D2200D8990B /* UIApplication+Extension.swift */ = {isa = PBXFileReference; lastKnownFileType = sourcecode.swift; path = "UIApplication+Extension.swift"; sourceTree = "<group>"; };
		7A44FD072C393044007CF827 /* PhoneRequestView.swift */ = {isa = PBXFileReference; lastKnownFileType = sourcecode.swift; path = PhoneRequestView.swift; sourceTree = "<group>"; };
		7A44FD092C3936BC007CF827 /* DataRequestView.swift */ = {isa = PBXFileReference; lastKnownFileType = sourcecode.swift; path = DataRequestView.swift; sourceTree = "<group>"; };
		7A44FD0C2C393CBD007CF827 /* User.swift */ = {isa = PBXFileReference; lastKnownFileType = sourcecode.swift; path = User.swift; sourceTree = "<group>"; };
		7A58C2CE2C3D4EBA00EA135E /* EditProfileView.swift */ = {isa = PBXFileReference; lastKnownFileType = sourcecode.swift; path = EditProfileView.swift; sourceTree = "<group>"; };
		7A6679CC2C8F3C1C00735467 /* StylistView.swift */ = {isa = PBXFileReference; lastKnownFileType = sourcecode.swift; path = StylistView.swift; sourceTree = "<group>"; };
		7A71BD342C368FF90075FDFA /* AnimatedSideBar.swift */ = {isa = PBXFileReference; lastKnownFileType = sourcecode.swift; path = AnimatedSideBar.swift; sourceTree = "<group>"; };
		7A71BD362C37123C0075FDFA /* KeyboardResponder.swift */ = {isa = PBXFileReference; lastKnownFileType = sourcecode.swift; path = KeyboardResponder.swift; sourceTree = "<group>"; };
		7A71BD3C2C38321E0075FDFA /* ProfileView.swift */ = {isa = PBXFileReference; lastKnownFileType = sourcecode.swift; path = ProfileView.swift; sourceTree = "<group>"; };
		7A7A5AE82C2AC6D6009B61B6 /* Variables.swift */ = {isa = PBXFileReference; lastKnownFileType = sourcecode.swift; path = Variables.swift; sourceTree = "<group>"; };
		7A7A5AEA2C2ACF08009B61B6 /* Home.swift */ = {isa = PBXFileReference; lastKnownFileType = sourcecode.swift; path = Home.swift; sourceTree = "<group>"; };
		7A7A5AEC2C2C1C3A009B61B6 /* ServiceCard.swift */ = {isa = PBXFileReference; lastKnownFileType = sourcecode.swift; path = ServiceCard.swift; sourceTree = "<group>"; };
		7A7A5AEF2C2C478D009B61B6 /* CustomSegmented.swift */ = {isa = PBXFileReference; lastKnownFileType = sourcecode.swift; path = CustomSegmented.swift; sourceTree = "<group>"; };
		7A7FFFBB2C9037D200A47013 /* AppointmentView.swift */ = {isa = PBXFileReference; lastKnownFileType = sourcecode.swift; path = AppointmentView.swift; sourceTree = "<group>"; };
		7AE9D3C82C89DF700066A958 /* AdminPanelView.swift */ = {isa = PBXFileReference; lastKnownFileType = sourcecode.swift; path = AdminPanelView.swift; sourceTree = "<group>"; };
		7AE9D3CA2C89DFB00066A958 /* ExcelUploaderView.swift */ = {isa = PBXFileReference; lastKnownFileType = sourcecode.swift; path = ExcelUploaderView.swift; sourceTree = "<group>"; };
		7AE9D3CF2C8AFC3C0066A958 /* DashboardView.swift */ = {isa = PBXFileReference; lastKnownFileType = sourcecode.swift; path = DashboardView.swift; sourceTree = "<group>"; };
		7AF2C13E2C3C279100D6EB08 /* GoogleService-Info.plist */ = {isa = PBXFileReference; lastKnownFileType = text.plist.xml; path = "GoogleService-Info.plist"; sourceTree = "<group>"; };
/* End PBXFileReference section */

/* Begin PBXFrameworksBuildPhase section */
		7A1EBC7F2C2078F8004B04C4 /* Frameworks */ = {
			isa = PBXFrameworksBuildPhase;
			buildActionMask = 2147483647;
			files = (
				7AE9D3CE2C89E0830066A958 /* CoreXLSX in Frameworks */,
				7A1EBC972C207994004B04C4 /* FirebaseAuth in Frameworks */,
				7A1EBC992C207994004B04C4 /* FirebaseAuthCombine-Community in Frameworks */,
				7A21FDF72C245CD500D8990B /* GoogleSignIn in Frameworks */,
				7A21FDF92C245CD500D8990B /* GoogleSignInSwift in Frameworks */,
				7A68B3CB2C3582AB00A84CFE /* FirebaseFirestore in Frameworks */,
				7AF2C13D2C3C272800D6EB08 /* FirebaseStorage in Frameworks */,
			);
			runOnlyForDeploymentPostprocessing = 0;
		};
/* End PBXFrameworksBuildPhase section */

/* Begin PBXGroup section */
		7A1EBC792C2078F8004B04C4 = {
			isa = PBXGroup;
			children = (
				7A1EBC842C2078F8004B04C4 /* HacksForNails */,
				7A1EBC832C2078F8004B04C4 /* Products */,
				7ABDB74E2C2D9D33004AC5C4 /* Frameworks */,
			);
			sourceTree = "<group>";
		};
		7A1EBC832C2078F8004B04C4 /* Products */ = {
			isa = PBXGroup;
			children = (
				7A1EBC822C2078F8004B04C4 /* HacksForNails.app */,
			);
			name = Products;
			sourceTree = "<group>";
		};
		7A1EBC842C2078F8004B04C4 /* HacksForNails */ = {
			isa = PBXGroup;
			children = (
				7AF2C13E2C3C279100D6EB08 /* GoogleService-Info.plist */,
				7A21FDF42C21DCD000D8990B /* Info */,
				7A71BD332C368FC50075FDFA /* Helpers */,
				7A21FDFF2C24624A00D8990B /* Fonts */,
				7A7A5AEE2C2C477E009B61B6 /* Components */,
				7A21FDFC2C24603E00D8990B /* Extensions */,
				7A44FD0B2C393CB0007CF827 /* Model */,
				7A1EBC9E2C20805B004B04C4 /* ViewModel */,
				7A1EBC9B2C207E50004B04C4 /* View */,
				7A1EBC9A2C207A96004B04C4 /* HacksForNails.entitlements */,
				7A1EBC852C2078F8004B04C4 /* HacksForNailsApp.swift */,
				7A1EBC872C2078F8004B04C4 /* ContentView.swift */,
				7A1EBC892C2078F9004B04C4 /* Assets.xcassets */,
				7A1EBC8B2C2078F9004B04C4 /* Preview Content */,
			);
			path = HacksForNails;
			sourceTree = "<group>";
		};
		7A1EBC8B2C2078F9004B04C4 /* Preview Content */ = {
			isa = PBXGroup;
			children = (
				7A1EBC8C2C2078F9004B04C4 /* Preview Assets.xcassets */,
			);
			path = "Preview Content";
			sourceTree = "<group>";
		};
		7A1EBC9B2C207E50004B04C4 /* View */ = {
			isa = PBXGroup;
			children = (
				7A21FDF22C21D75100D8990B /* Login.swift */,
				7A7A5AEA2C2ACF08009B61B6 /* Home.swift */,
				7A71BD3C2C38321E0075FDFA /* ProfileView.swift */,
				7A44FD072C393044007CF827 /* PhoneRequestView.swift */,
				7A44FD092C3936BC007CF827 /* DataRequestView.swift */,
				7A58C2CE2C3D4EBA00EA135E /* EditProfileView.swift */,
				7AE9D3C82C89DF700066A958 /* AdminPanelView.swift */,
				7AE9D3CF2C8AFC3C0066A958 /* DashboardView.swift */,
				7A6679CC2C8F3C1C00735467 /* StylistView.swift */,
			);
			path = View;
			sourceTree = "<group>";
		};
		7A1EBC9E2C20805B004B04C4 /* ViewModel */ = {
			isa = PBXGroup;
			children = (
				7A7A5AE82C2AC6D6009B61B6 /* Variables.swift */,
				7A21FE082C246D2E00D8990B /* LoginViewModel.swift */,
			);
			path = ViewModel;
			sourceTree = "<group>";
		};
		7A21FDFC2C24603E00D8990B /* Extensions */ = {
			isa = PBXGroup;
			children = (
				7A21FE0A2C247D2200D8990B /* UIApplication+Extension.swift */,
				7A21FDFD2C24605300D8990B /* View+Extension.swift */,
			);
			path = Extensions;
			sourceTree = "<group>";
		};
		7A21FDFF2C24624A00D8990B /* Fonts */ = {
			isa = PBXGroup;
			children = (
				7A21FE042C24668900D8990B /* Fact_Extra-Bold.otf */,
			);
			path = Fonts;
			sourceTree = "<group>";
		};
		7A44FD0B2C393CB0007CF827 /* Model */ = {
			isa = PBXGroup;
			children = (
				7A44FD0C2C393CBD007CF827 /* User.swift */,
			);
			path = Model;
			sourceTree = "<group>";
		};
		7A71BD332C368FC50075FDFA /* Helpers */ = {
			isa = PBXGroup;
			children = (
				7A71BD342C368FF90075FDFA /* AnimatedSideBar.swift */,
				7A71BD362C37123C0075FDFA /* KeyboardResponder.swift */,
				7AE9D3CA2C89DFB00066A958 /* ExcelUploaderView.swift */,
			);
			path = Helpers;
			sourceTree = "<group>";
		};
		7A7A5AEE2C2C477E009B61B6 /* Components */ = {
			isa = PBXGroup;
			children = (
				7A21FE062C246B3600D8990B /* CustomTextField.swift */,
				7A7A5AEF2C2C478D009B61B6 /* CustomSegmented.swift */,
				7A7A5AEC2C2C1C3A009B61B6 /* ServiceCard.swift */,
				7A7FFFBB2C9037D200A47013 /* AppointmentView.swift */,
			);
			path = Components;
			sourceTree = "<group>";
		};
		7ABDB74E2C2D9D33004AC5C4 /* Frameworks */ = {
			isa = PBXGroup;
			children = (
			);
			name = Frameworks;
			sourceTree = "<group>";
		};
/* End PBXGroup section */

/* Begin PBXNativeTarget section */
		7A1EBC812C2078F8004B04C4 /* HacksForNails */ = {
			isa = PBXNativeTarget;
			buildConfigurationList = 7A1EBC902C2078F9004B04C4 /* Build configuration list for PBXNativeTarget "HacksForNails" */;
			buildPhases = (
				7A1EBC7E2C2078F8004B04C4 /* Sources */,
				7A1EBC7F2C2078F8004B04C4 /* Frameworks */,
				7A1EBC802C2078F8004B04C4 /* Resources */,
			);
			buildRules = (
			);
			dependencies = (
			);
			name = HacksForNails;
			packageProductDependencies = (
				7A1EBC962C207994004B04C4 /* FirebaseAuth */,
				7A1EBC982C207994004B04C4 /* FirebaseAuthCombine-Community */,
				7A21FDF62C245CD500D8990B /* GoogleSignIn */,
				7A21FDF82C245CD500D8990B /* GoogleSignInSwift */,
				7A68B3CA2C3582AB00A84CFE /* FirebaseFirestore */,
				7AF2C13C2C3C272800D6EB08 /* FirebaseStorage */,
				7AE9D3CD2C89E0830066A958 /* CoreXLSX */,
			);
			productName = HacksForNails;
			productReference = 7A1EBC822C2078F8004B04C4 /* HacksForNails.app */;
			productType = "com.apple.product-type.application";
		};
/* End PBXNativeTarget section */

/* Begin PBXProject section */
		7A1EBC7A2C2078F8004B04C4 /* Project object */ = {
			isa = PBXProject;
			attributes = {
				BuildIndependentTargetsInParallel = 1;
				LastSwiftUpdateCheck = 1600;
				LastUpgradeCheck = 1600;
				TargetAttributes = {
					7A1EBC812C2078F8004B04C4 = {
						CreatedOnToolsVersion = 16.0;
					};
				};
			};
			buildConfigurationList = 7A1EBC7D2C2078F8004B04C4 /* Build configuration list for PBXProject "HacksForNails" */;
			compatibilityVersion = "Xcode 15.0";
			developmentRegion = en;
			hasScannedForEncodings = 0;
			knownRegions = (
				en,
				Base,
			);
			mainGroup = 7A1EBC792C2078F8004B04C4;
			packageReferences = (
				7A1EBC952C207994004B04C4 /* XCRemoteSwiftPackageReference "firebase-ios-sdk" */,
				7A21FDF52C245CD500D8990B /* XCRemoteSwiftPackageReference "GoogleSignIn-iOS" */,
				7AE9D3CC2C89E0830066A958 /* XCRemoteSwiftPackageReference "CoreXLSX" */,
			);
			productRefGroup = 7A1EBC832C2078F8004B04C4 /* Products */;
			projectDirPath = "";
			projectRoot = "";
			targets = (
				7A1EBC812C2078F8004B04C4 /* HacksForNails */,
			);
		};
/* End PBXProject section */

/* Begin PBXResourcesBuildPhase section */
		7A1EBC802C2078F8004B04C4 /* Resources */ = {
			isa = PBXResourcesBuildPhase;
			buildActionMask = 2147483647;
			files = (
				7A1EBC8D2C2078F9004B04C4 /* Preview Assets.xcassets in Resources */,
				7A21FE052C24668900D8990B /* Fact_Extra-Bold.otf in Resources */,
				7A1EBC8A2C2078F9004B04C4 /* Assets.xcassets in Resources */,
				7AF2C13F2C3C279100D6EB08 /* GoogleService-Info.plist in Resources */,
			);
			runOnlyForDeploymentPostprocessing = 0;
		};
/* End PBXResourcesBuildPhase section */

/* Begin PBXSourcesBuildPhase section */
		7A1EBC7E2C2078F8004B04C4 /* Sources */ = {
			isa = PBXSourcesBuildPhase;
			buildActionMask = 2147483647;
			files = (
				7A58C2CF2C3D4EBA00EA135E /* EditProfileView.swift in Sources */,
				7A21FDF32C21D75100D8990B /* Login.swift in Sources */,
				7AE9D3CB2C89DFB00066A958 /* ExcelUploaderView.swift in Sources */,
				7A71BD352C368FF90075FDFA /* AnimatedSideBar.swift in Sources */,
				7A21FE072C246B3600D8990B /* CustomTextField.swift in Sources */,
				7A7A5AF02C2C479A009B61B6 /* CustomSegmented.swift in Sources */,
				7A21FE092C246D2E00D8990B /* LoginViewModel.swift in Sources */,
				7A7A5AED2C2C1C3A009B61B6 /* ServiceCard.swift in Sources */,
				7A7A5AE92C2AC6E3009B61B6 /* Variables.swift in Sources */,
				7A44FD0D2C393CC3007CF827 /* User.swift in Sources */,
				7AE9D3D02C8AFC3C0066A958 /* DashboardView.swift in Sources */,
				7A7A5AEB2C2ACF08009B61B6 /* Home.swift in Sources */,
				7A44FD082C393044007CF827 /* PhoneRequestView.swift in Sources */,
				7A6679CD2C8F3C1C00735467 /* StylistView.swift in Sources */,
				7AE9D3C92C89DF700066A958 /* AdminPanelView.swift in Sources */,
				7A1EBC882C2078F8004B04C4 /* ContentView.swift in Sources */,
				7A21FDFE2C24606000D8990B /* View+Extension.swift in Sources */,
				7A71BD372C37123C0075FDFA /* KeyboardResponder.swift in Sources */,
				7A1EBC862C2078F8004B04C4 /* HacksForNailsApp.swift in Sources */,
				7A71BD3D2C38321F0075FDFA /* ProfileView.swift in Sources */,
				7A7FFFBC2C9037D200A47013 /* AppointmentView.swift in Sources */,
				7A44FD0A2C3936BC007CF827 /* DataRequestView.swift in Sources */,
				7A21FE0B2C247D3300D8990B /* UIApplication+Extension.swift in Sources */,
			);
			runOnlyForDeploymentPostprocessing = 0;
		};
/* End PBXSourcesBuildPhase section */

/* Begin XCBuildConfiguration section */
		7A1EBC8E2C2078F9004B04C4 /* Debug */ = {
			isa = XCBuildConfiguration;
			buildSettings = {
				ALWAYS_SEARCH_USER_PATHS = NO;
				ASSETCATALOG_COMPILER_GENERATE_SWIFT_ASSET_SYMBOL_EXTENSIONS = YES;
				CLANG_ANALYZER_NONNULL = YES;
				CLANG_ANALYZER_NUMBER_OBJECT_CONVERSION = YES_AGGRESSIVE;
				CLANG_CXX_LANGUAGE_STANDARD = "gnu++20";
				CLANG_ENABLE_MODULES = YES;
				CLANG_ENABLE_OBJC_ARC = YES;
				CLANG_ENABLE_OBJC_WEAK = YES;
				CLANG_WARN_BLOCK_CAPTURE_AUTORELEASING = YES;
				CLANG_WARN_BOOL_CONVERSION = YES;
				CLANG_WARN_COMMA = YES;
				CLANG_WARN_CONSTANT_CONVERSION = YES;
				CLANG_WARN_DEPRECATED_OBJC_IMPLEMENTATIONS = YES;
				CLANG_WARN_DIRECT_OBJC_ISA_USAGE = YES_ERROR;
				CLANG_WARN_DOCUMENTATION_COMMENTS = YES;
				CLANG_WARN_EMPTY_BODY = YES;
				CLANG_WARN_ENUM_CONVERSION = YES;
				CLANG_WARN_INFINITE_RECURSION = YES;
				CLANG_WARN_INT_CONVERSION = YES;
				CLANG_WARN_NON_LITERAL_NULL_CONVERSION = YES;
				CLANG_WARN_OBJC_IMPLICIT_RETAIN_SELF = YES;
				CLANG_WARN_OBJC_LITERAL_CONVERSION = YES;
				CLANG_WARN_OBJC_ROOT_CLASS = YES_ERROR;
				CLANG_WARN_QUOTED_INCLUDE_IN_FRAMEWORK_HEADER = YES;
				CLANG_WARN_RANGE_LOOP_ANALYSIS = YES;
				CLANG_WARN_STRICT_PROTOTYPES = YES;
				CLANG_WARN_SUSPICIOUS_MOVE = YES;
				CLANG_WARN_UNGUARDED_AVAILABILITY = YES_AGGRESSIVE;
				CLANG_WARN_UNREACHABLE_CODE = YES;
				CLANG_WARN__DUPLICATE_METHOD_MATCH = YES;
				COPY_PHASE_STRIP = NO;
				DEBUG_INFORMATION_FORMAT = dwarf;
				ENABLE_STRICT_OBJC_MSGSEND = YES;
				ENABLE_TESTABILITY = YES;
				ENABLE_USER_SCRIPT_SANDBOXING = YES;
				GCC_C_LANGUAGE_STANDARD = gnu17;
				GCC_DYNAMIC_NO_PIC = NO;
				GCC_NO_COMMON_BLOCKS = YES;
				GCC_OPTIMIZATION_LEVEL = 0;
				GCC_PREPROCESSOR_DEFINITIONS = (
					"DEBUG=1",
					"$(inherited)",
				);
				GCC_WARN_64_TO_32_BIT_CONVERSION = YES;
				GCC_WARN_ABOUT_RETURN_TYPE = YES_ERROR;
				GCC_WARN_UNDECLARED_SELECTOR = YES;
				GCC_WARN_UNINITIALIZED_AUTOS = YES_AGGRESSIVE;
				GCC_WARN_UNUSED_FUNCTION = YES;
				GCC_WARN_UNUSED_VARIABLE = YES;
				IPHONEOS_DEPLOYMENT_TARGET = 18.0;
				LOCALIZATION_PREFERS_STRING_CATALOGS = YES;
				MTL_ENABLE_DEBUG_INFO = INCLUDE_SOURCE;
				MTL_FAST_MATH = YES;
				ONLY_ACTIVE_ARCH = YES;
				SDKROOT = iphoneos;
				SWIFT_ACTIVE_COMPILATION_CONDITIONS = "DEBUG $(inherited)";
				SWIFT_OPTIMIZATION_LEVEL = "-Onone";
			};
			name = Debug;
		};
		7A1EBC8F2C2078F9004B04C4 /* Release */ = {
			isa = XCBuildConfiguration;
			buildSettings = {
				ALWAYS_SEARCH_USER_PATHS = NO;
				ASSETCATALOG_COMPILER_GENERATE_SWIFT_ASSET_SYMBOL_EXTENSIONS = YES;
				CLANG_ANALYZER_NONNULL = YES;
				CLANG_ANALYZER_NUMBER_OBJECT_CONVERSION = YES_AGGRESSIVE;
				CLANG_CXX_LANGUAGE_STANDARD = "gnu++20";
				CLANG_ENABLE_MODULES = YES;
				CLANG_ENABLE_OBJC_ARC = YES;
				CLANG_ENABLE_OBJC_WEAK = YES;
				CLANG_WARN_BLOCK_CAPTURE_AUTORELEASING = YES;
				CLANG_WARN_BOOL_CONVERSION = YES;
				CLANG_WARN_COMMA = YES;
				CLANG_WARN_CONSTANT_CONVERSION = YES;
				CLANG_WARN_DEPRECATED_OBJC_IMPLEMENTATIONS = YES;
				CLANG_WARN_DIRECT_OBJC_ISA_USAGE = YES_ERROR;
				CLANG_WARN_DOCUMENTATION_COMMENTS = YES;
				CLANG_WARN_EMPTY_BODY = YES;
				CLANG_WARN_ENUM_CONVERSION = YES;
				CLANG_WARN_INFINITE_RECURSION = YES;
				CLANG_WARN_INT_CONVERSION = YES;
				CLANG_WARN_NON_LITERAL_NULL_CONVERSION = YES;
				CLANG_WARN_OBJC_IMPLICIT_RETAIN_SELF = YES;
				CLANG_WARN_OBJC_LITERAL_CONVERSION = YES;
				CLANG_WARN_OBJC_ROOT_CLASS = YES_ERROR;
				CLANG_WARN_QUOTED_INCLUDE_IN_FRAMEWORK_HEADER = YES;
				CLANG_WARN_RANGE_LOOP_ANALYSIS = YES;
				CLANG_WARN_STRICT_PROTOTYPES = YES;
				CLANG_WARN_SUSPICIOUS_MOVE = YES;
				CLANG_WARN_UNGUARDED_AVAILABILITY = YES_AGGRESSIVE;
				CLANG_WARN_UNREACHABLE_CODE = YES;
				CLANG_WARN__DUPLICATE_METHOD_MATCH = YES;
				COPY_PHASE_STRIP = NO;
				DEBUG_INFORMATION_FORMAT = "dwarf-with-dsym";
				ENABLE_NS_ASSERTIONS = NO;
				ENABLE_STRICT_OBJC_MSGSEND = YES;
				ENABLE_USER_SCRIPT_SANDBOXING = YES;
				GCC_C_LANGUAGE_STANDARD = gnu17;
				GCC_NO_COMMON_BLOCKS = YES;
				GCC_WARN_64_TO_32_BIT_CONVERSION = YES;
				GCC_WARN_ABOUT_RETURN_TYPE = YES_ERROR;
				GCC_WARN_UNDECLARED_SELECTOR = YES;
				GCC_WARN_UNINITIALIZED_AUTOS = YES_AGGRESSIVE;
				GCC_WARN_UNUSED_FUNCTION = YES;
				GCC_WARN_UNUSED_VARIABLE = YES;
				IPHONEOS_DEPLOYMENT_TARGET = 18.0;
				LOCALIZATION_PREFERS_STRING_CATALOGS = YES;
				MTL_ENABLE_DEBUG_INFO = NO;
				MTL_FAST_MATH = YES;
				SDKROOT = iphoneos;
				SWIFT_COMPILATION_MODE = wholemodule;
				VALIDATE_PRODUCT = YES;
			};
			name = Release;
		};
		7A1EBC912C2078F9004B04C4 /* Debug */ = {
			isa = XCBuildConfiguration;
			buildSettings = {
				ASSETCATALOG_COMPILER_APPICON_NAME = AppIcon;
				ASSETCATALOG_COMPILER_GLOBAL_ACCENT_COLOR_NAME = AccentColor;
				CODE_SIGN_ENTITLEMENTS = HacksForNails/HacksForNails.entitlements;
				CODE_SIGN_IDENTITY = "Apple Development";
				CODE_SIGN_STYLE = Automatic;
				CURRENT_PROJECT_VERSION = 1;
				DEVELOPMENT_ASSET_PATHS = "\"HacksForNails/Preview Content\"";
				DEVELOPMENT_TEAM = H86KV5J4UN;
				ENABLE_PREVIEWS = YES;
				GENERATE_INFOPLIST_FILE = YES;
				INFOPLIST_FILE = HacksForNails/Info.plist;
				INFOPLIST_KEY_CFBundleDisplayName = "H A C K S";
				INFOPLIST_KEY_UIApplicationSceneManifest_Generation = YES;
				INFOPLIST_KEY_UIApplicationSupportsIndirectInputEvents = YES;
				INFOPLIST_KEY_UILaunchScreen_Generation = YES;
				INFOPLIST_KEY_UISupportedInterfaceOrientations_iPad = "UIInterfaceOrientationPortrait UIInterfaceOrientationPortraitUpsideDown UIInterfaceOrientationLandscapeLeft UIInterfaceOrientationLandscapeRight";
				INFOPLIST_KEY_UISupportedInterfaceOrientations_iPhone = "UIInterfaceOrientationPortrait UIInterfaceOrientationLandscapeLeft UIInterfaceOrientationLandscapeRight";
				INFOPLIST_KEY_UIUserInterfaceStyle = Light;
				IPHONEOS_DEPLOYMENT_TARGET = 17.0;
				LD_RUNPATH_SEARCH_PATHS = (
					"$(inherited)",
					"@executable_path/Frameworks",
				);
				MARKETING_VERSION = 1.0;
				PRODUCT_BUNDLE_IDENTIFIER = com.paretsdesign.hacksfornails;
				PRODUCT_NAME = "$(TARGET_NAME)";
				PROVISIONING_PROFILE_SPECIFIER = "";
				SWIFT_EMIT_LOC_STRINGS = YES;
				SWIFT_VERSION = 5.0;
				TARGETED_DEVICE_FAMILY = "1,2";
			};
			name = Debug;
		};
		7A1EBC922C2078F9004B04C4 /* Release */ = {
			isa = XCBuildConfiguration;
			buildSettings = {
				ASSETCATALOG_COMPILER_APPICON_NAME = AppIcon;
				ASSETCATALOG_COMPILER_GLOBAL_ACCENT_COLOR_NAME = AccentColor;
				CODE_SIGN_ENTITLEMENTS = HacksForNails/HacksForNails.entitlements;
				CODE_SIGN_IDENTITY = "Apple Development";
				CODE_SIGN_STYLE = Automatic;
				CURRENT_PROJECT_VERSION = 1;
				DEVELOPMENT_ASSET_PATHS = "\"HacksForNails/Preview Content\"";
				DEVELOPMENT_TEAM = H86KV5J4UN;
				ENABLE_PREVIEWS = YES;
				GENERATE_INFOPLIST_FILE = YES;
				INFOPLIST_FILE = HacksForNails/Info.plist;
				INFOPLIST_KEY_CFBundleDisplayName = "H A C K S";
				INFOPLIST_KEY_UIApplicationSceneManifest_Generation = YES;
				INFOPLIST_KEY_UIApplicationSupportsIndirectInputEvents = YES;
				INFOPLIST_KEY_UILaunchScreen_Generation = YES;
				INFOPLIST_KEY_UISupportedInterfaceOrientations_iPad = "UIInterfaceOrientationPortrait UIInterfaceOrientationPortraitUpsideDown UIInterfaceOrientationLandscapeLeft UIInterfaceOrientationLandscapeRight";
				INFOPLIST_KEY_UISupportedInterfaceOrientations_iPhone = "UIInterfaceOrientationPortrait UIInterfaceOrientationLandscapeLeft UIInterfaceOrientationLandscapeRight";
				INFOPLIST_KEY_UIUserInterfaceStyle = Light;
				IPHONEOS_DEPLOYMENT_TARGET = 17.0;
				LD_RUNPATH_SEARCH_PATHS = (
					"$(inherited)",
					"@executable_path/Frameworks",
				);
				MARKETING_VERSION = 1.0;
				PRODUCT_BUNDLE_IDENTIFIER = com.paretsdesign.hacksfornails;
				PRODUCT_NAME = "$(TARGET_NAME)";
				PROVISIONING_PROFILE_SPECIFIER = "";
				SWIFT_EMIT_LOC_STRINGS = YES;
				SWIFT_VERSION = 5.0;
				TARGETED_DEVICE_FAMILY = "1,2";
			};
			name = Release;
		};
/* End XCBuildConfiguration section */

/* Begin XCConfigurationList section */
		7A1EBC7D2C2078F8004B04C4 /* Build configuration list for PBXProject "HacksForNails" */ = {
			isa = XCConfigurationList;
			buildConfigurations = (
				7A1EBC8E2C2078F9004B04C4 /* Debug */,
				7A1EBC8F2C2078F9004B04C4 /* Release */,
			);
			defaultConfigurationIsVisible = 0;
			defaultConfigurationName = Release;
		};
		7A1EBC902C2078F9004B04C4 /* Build configuration list for PBXNativeTarget "HacksForNails" */ = {
			isa = XCConfigurationList;
			buildConfigurations = (
				7A1EBC912C2078F9004B04C4 /* Debug */,
				7A1EBC922C2078F9004B04C4 /* Release */,
			);
			defaultConfigurationIsVisible = 0;
			defaultConfigurationName = Release;
		};
/* End XCConfigurationList section */

/* Begin XCRemoteSwiftPackageReference section */
		7A1EBC952C207994004B04C4 /* XCRemoteSwiftPackageReference "firebase-ios-sdk" */ = {
			isa = XCRemoteSwiftPackageReference;
			repositoryURL = "https://github.com/firebase/firebase-ios-sdk.git";
			requirement = {
				kind = upToNextMajorVersion;
				minimumVersion = 10.27.0;
			};
		};
		7A21FDF52C245CD500D8990B /* XCRemoteSwiftPackageReference "GoogleSignIn-iOS" */ = {
			isa = XCRemoteSwiftPackageReference;
			repositoryURL = "https://github.com/google/GoogleSignIn-iOS";
			requirement = {
				kind = upToNextMajorVersion;
				minimumVersion = 7.1.0;
			};
		};
		7AE9D3CC2C89E0830066A958 /* XCRemoteSwiftPackageReference "CoreXLSX" */ = {
			isa = XCRemoteSwiftPackageReference;
			repositoryURL = "https://github.com/CoreOffice/CoreXLSX.git";
			requirement = {
				branch = main;
				kind = branch;
			};
		};
/* End XCRemoteSwiftPackageReference section */

/* Begin XCSwiftPackageProductDependency section */
		7A1EBC962C207994004B04C4 /* FirebaseAuth */ = {
			isa = XCSwiftPackageProductDependency;
			package = 7A1EBC952C207994004B04C4 /* XCRemoteSwiftPackageReference "firebase-ios-sdk" */;
			productName = FirebaseAuth;
		};
		7A1EBC982C207994004B04C4 /* FirebaseAuthCombine-Community */ = {
			isa = XCSwiftPackageProductDependency;
			package = 7A1EBC952C207994004B04C4 /* XCRemoteSwiftPackageReference "firebase-ios-sdk" */;
			productName = "FirebaseAuthCombine-Community";
		};
		7A21FDF62C245CD500D8990B /* GoogleSignIn */ = {
			isa = XCSwiftPackageProductDependency;
			package = 7A21FDF52C245CD500D8990B /* XCRemoteSwiftPackageReference "GoogleSignIn-iOS" */;
			productName = GoogleSignIn;
		};
		7A21FDF82C245CD500D8990B /* GoogleSignInSwift */ = {
			isa = XCSwiftPackageProductDependency;
			package = 7A21FDF52C245CD500D8990B /* XCRemoteSwiftPackageReference "GoogleSignIn-iOS" */;
			productName = GoogleSignInSwift;
		};
		7A68B3CA2C3582AB00A84CFE /* FirebaseFirestore */ = {
			isa = XCSwiftPackageProductDependency;
			package = 7A1EBC952C207994004B04C4 /* XCRemoteSwiftPackageReference "firebase-ios-sdk" */;
			productName = FirebaseFirestore;
		};
		7AE9D3CD2C89E0830066A958 /* CoreXLSX */ = {
			isa = XCSwiftPackageProductDependency;
			package = 7AE9D3CC2C89E0830066A958 /* XCRemoteSwiftPackageReference "CoreXLSX" */;
			productName = CoreXLSX;
		};
		7AF2C13C2C3C272800D6EB08 /* FirebaseStorage */ = {
			isa = XCSwiftPackageProductDependency;
			package = 7A1EBC952C207994004B04C4 /* XCRemoteSwiftPackageReference "firebase-ios-sdk" */;
			productName = FirebaseStorage;
		};
/* End XCSwiftPackageProductDependency section */
	};
	rootObject = 7A1EBC7A2C2078F8004B04C4 /* Project object */;
}
